<Solution>
  <Folder Name="/src/">
    <Project Path="src\NuvTools.Blockchain\NuvTools.Blockchain.csproj" />
    <Project Path="src\NuvTools.Blockchain.Azure\NuvTools.Blockchain.Azure.csproj" />
  </Folder>
  <Folder Name="/tests/">
    <Project Path="tests\NuvTools.Blockchain.Azure.Test\NuvTools.Blockchain.Azure.Test.csproj" />
  </Folder>
  <Properties Name="Configuration">
    <Property Name="Debug|Any CPU" />
    <Property Name="Release|Any CPU" />
  </Properties>
</Solution>
